// !$*UTF8*$!
{
	archiveVersion = 1;
	classes = {
	};
	objectVersion = 52;
	objects = {

/* Begin PBXBuildFile section */
		130C47CC21B06219006CE92D /* folScreenSaverView.h in Headers */ = {isa = PBXBuildFile; fileRef = 130C47CB21B06219006CE92D /* folScreenSaverView.h */; };
		130C47CE21B06219006CE92D /* folScreenSaverView.m in Sources */ = {isa = PBXBuildFile; fileRef = 130C47CD21B06219006CE92D /* folScreenSaverView.m */; };
		130C47D721B06284006CE92D /* ScreenSaver.framework in Frameworks */ = {isa = PBXBuildFile; fileRef = 130C47D621B06284006CE92D /* ScreenSaver.framework */; };
		130C47D921B062ED006CE92D /* petal.m in Sources */ = {isa = PBXBuildFile; fileRef = 130C47D821B062ED006CE92D /* petal.m */; };
		13BC687221B1BB0200DD0F19 /* flower.m in Sources */ = {isa = PBXBuildFile; fileRef = 13BC687121B1BB0200DD0F19 /* flower.m */; };
/* End PBXBuildFile section */

/* Begin PBXFileReference section */
		130C47C821B06219006CE92D /* folScreenSaver.saver */ = {isa = PBXFileReference; explicitFileType = wrapper.cfbundle; includeInIndex = 0; path = folScreenSaver.saver; sourceTree = BUILT_PRODUCTS_DIR; };
		130C47CB21B06219006CE92D /* folScreenSaverView.h */ = {isa = PBXFileReference; lastKnownFileType = sourcecode.c.h; path = folScreenSaverView.h; sourceTree = "<group>"; };
		130C47CD21B06219006CE92D /* folScreenSaverView.m */ = {isa = PBXFileReference; lastKnownFileType = sourcecode.c.objc; path = folScreenSaverView.m; sourceTree = "<group>"; };
		130C47CF21B06219006CE92D /* Info.plist */ = {isa = PBXFileReference; lastKnownFileType = text.plist.xml; path = Info.plist; sourceTree = "<group>"; };
		130C47D621B06284006CE92D /* ScreenSaver.framework */ = {isa = PBXFileReference; lastKnownFileType = wrapper.framework; name = ScreenSaver.framework; path = System/Library/Frameworks/ScreenSaver.framework; sourceTree = SDKROOT; };
		130C47D821B062ED006CE92D /* petal.m */ = {isa = PBXFileReference; lastKnownFileType = sourcecode.c.objc; path = petal.m; sourceTree = "<group>"; };
		130C47DA21B06305006CE92D /* petal.h */ = {isa = PBXFileReference; lastKnownFileType = sourcecode.c.h; path = petal.h; sourceTree = "<group>"; };
		13BC687121B1BB0200DD0F19 /* flower.m */ = {isa = PBXFileReference; lastKnownFileType = sourcecode.c.objc; path = flower.m; sourceTree = "<group>"; };
		13BC687421B1BCB200DD0F19 /* flower.h */ = {isa = PBXFileReference; lastKnownFileType = sourcecode.c.h; path = flower.h; sourceTree = "<group>"; };
/* End PBXFileReference section */

/* Begin PBXFrameworksBuildPhase section */
		130C47C521B06219006CE92D /* Frameworks */ = {
			isa = PBXFrameworksBuildPhase;
			buildActionMask = 2147483647;
			files = (
				130C47D721B06284006CE92D /* ScreenSaver.framework in Frameworks */,
			);
			runOnlyForDeploymentPostprocessing = 0;
		};
/* End PBXFrameworksBuildPhase section */

/* Begin PBXGroup section */
		130C47BE21B06219006CE92D = {
			isa = PBXGroup;
			children = (
				130C47CA21B06219006CE92D /* folScreenSaver */,
				130C47C921B06219006CE92D /* Products */,
				130C47D521B06283006CE92D /* Frameworks */,
			);
			sourceTree = "<group>";
		};
		130C47C921B06219006CE92D /* Products */ = {
			isa = PBXGroup;
			children = (
				130C47C821B06219006CE92D /* folScreenSaver.saver */,
			);
			name = Products;
			sourceTree = "<group>";
		};
		130C47CA21B06219006CE92D /* folScreenSaver */ = {
			isa = PBXGroup;
			children = (
				130C47CB21B06219006CE92D /* folScreenSaverView.h */,
				130C47CD21B06219006CE92D /* folScreenSaverView.m */,
				13BC687121B1BB0200DD0F19 /* flower.m */,
				13BC687421B1BCB200DD0F19 /* flower.h */,
				130C47D821B062ED006CE92D /* petal.m */,
				130C47DA21B06305006CE92D /* petal.h */,
				130C47CF21B06219006CE92D /* Info.plist */,
			);
			path = folScreenSaver;
			sourceTree = "<group>";
		};
		130C47D521B06283006CE92D /* Frameworks */ = {
			isa = PBXGroup;
			children = (
				130C47D621B06284006CE92D /* ScreenSaver.framework */,
			);
			name = Frameworks;
			sourceTree = "<group>";
		};
/* End PBXGroup section */

/* Begin PBXHeadersBuildPhase section */
		130C47C321B06219006CE92D /* Headers */ = {
			isa = PBXHeadersBuildPhase;
			buildActionMask = 2147483647;
			files = (
				130C47CC21B06219006CE92D /* folScreenSaverView.h in Headers */,
			);
			runOnlyForDeploymentPostprocessing = 0;
		};
/* End PBXHeadersBuildPhase section */

/* Begin PBXNativeTarget section */
		130C47C721B06219006CE92D /* folScreenSaver */ = {
			isa = PBXNativeTarget;
			buildConfigurationList = 130C47D221B06219006CE92D /* Build configuration list for PBXNativeTarget "folScreenSaver" */;
			buildPhases = (
				130C47C321B06219006CE92D /* Headers */,
				130C47C421B06219006CE92D /* Sources */,
				130C47C521B06219006CE92D /* Frameworks */,
				130C47C621B06219006CE92D /* Resources */,
			);
			buildRules = (
			);
			dependencies = (
			);
			name = folScreenSaver;
			productName = folScreenSaver;
			productReference = 130C47C821B06219006CE92D /* folScreenSaver.saver */;
			productType = "com.apple.product-type.bundle";
		};
/* End PBXNativeTarget section */

/* Begin PBXProject section */
		130C47BF21B06219006CE92D /* Project object */ = {
			isa = PBXProject;
			attributes = {
				LastUpgradeCheck = 1010;
				ORGANIZATIONNAME = "Blake Glanville";
				TargetAttributes = {
					130C47C721B06219006CE92D = {
						CreatedOnToolsVersion = 10.1;
					};
				};
			};
			buildConfigurationList = 130C47C221B06219006CE92D /* Build configuration list for PBXProject "folScreenSaver" */;
			compatibilityVersion = "Xcode 11.0";
			developmentRegion = en;
			hasScannedForEncodings = 0;
			knownRegions = (
				en,
				Base,
			);
			mainGroup = 130C47BE21B06219006CE92D;
			productRefGroup = 130C47C921B06219006CE92D /* Products */;
			projectDirPath = "";
			projectRoot = "";
			targets = (
				130C47C721B06219006CE92D /* folScreenSaver */,
			);
		};
/* End PBXProject section */

/* Begin PBXResourcesBuildPhase section */
		130C47C621B06219006CE92D /* Resources */ = {
			isa = PBXResourcesBuildPhase;
			buildActionMask = 2147483647;
			files = (
			);
			runOnlyForDeploymentPostprocessing = 0;
		};
/* End PBXResourcesBuildPhase section */

/* Begin PBXSourcesBuildPhase section */
		130C47C421B06219006CE92D /* Sources */ = {
			isa = PBXSourcesBuildPhase;
			buildActionMask = 2147483647;
			files = (
				13BC687221B1BB0200DD0F19 /* flower.m in Sources */,
				130C47D921B062ED006CE92D /* petal.m in Sources */,
				130C47CE21B06219006CE92D /* folScreenSaverView.m in Sources */,
			);
			runOnlyForDeploymentPostprocessing = 0;
		};
/* End PBXSourcesBuildPhase section */

/* Begin XCBuildConfiguration section */
		130C47D021B06219006CE92D /* Debug */ = {
			isa = XCBuildConfiguration;
			buildSettings = {
				ALWAYS_SEARCH_USER_PATHS = NO;
				CLANG_ANALYZER_NONNULL = YES;
				CLANG_ANALYZER_NUMBER_OBJECT_CONVERSION = YES_AGGRESSIVE;
				CLANG_CXX_LANGUAGE_STANDARD = "gnu++14";
				CLANG_CXX_LIBRARY = "libc++";
				CLANG_ENABLE_MODULES = YES;
				CLANG_ENABLE_OBJC_ARC = YES;
				CLANG_ENABLE_OBJC_WEAK = YES;
				CLANG_WARN_BLOCK_CAPTURE_AUTORELEASING = YES;
				CLANG_WARN_BOOL_CONVERSION = YES;
				CLANG_WARN_COMMA = YES;
				CLANG_WARN_CONSTANT_CONVERSION = YES;
				CLANG_WARN_DEPRECATED_OBJC_IMPLEMENTATIONS = YES;
				CLANG_WARN_DIRECT_OBJC_ISA_USAGE = YES_ERROR;
				CLANG_WARN_DOCUMENTATION_COMMENTS = YES;
				CLANG_WARN_EMPTY_BODY = YES;
				CLANG_WARN_ENUM_CONVERSION = YES;
				CLANG_WARN_INFINITE_RECURSION = YES;
				CLANG_WARN_INT_CONVERSION = YES;
				CLANG_WARN_NON_LITERAL_NULL_CONVERSION = YES;
				CLANG_WARN_OBJC_IMPLICIT_RETAIN_SELF = YES;
				CLANG_WARN_OBJC_LITERAL_CONVERSION = YES;
				CLANG_WARN_OBJC_ROOT_CLASS = YES_ERROR;
				CLANG_WARN_RANGE_LOOP_ANALYSIS = YES;
				CLANG_WARN_STRICT_PROTOTYPES = YES;
				CLANG_WARN_SUSPICIOUS_MOVE = YES;
				CLANG_WARN_UNGUARDED_AVAILABILITY = YES_AGGRESSIVE;
				CLANG_WARN_UNREACHABLE_CODE = YES;
				CLANG_WARN__DUPLICATE_METHOD_MATCH = YES;
				CODE_SIGN_IDENTITY = "Mac Developer";
				COPY_PHASE_STRIP = NO;
				DEBUG_INFORMATION_FORMAT = dwarf;
				ENABLE_STRICT_OBJC_MSGSEND = YES;
				ENABLE_TESTABILITY = YES;
				GCC_C_LANGUAGE_STANDARD = gnu11;
				GCC_DYNAMIC_NO_PIC = NO;
				GCC_NO_COMMON_BLOCKS = YES;
				GCC_OPTIMIZATION_LEVEL = 0;
				GCC_PREPROCESSOR_DEFINITIONS = (
					"DEBUG=1",
					"$(inherited)",
				);
				GCC_WARN_64_TO_32_BIT_CONVERSION = YES;
				GCC_WARN_ABOUT_RETURN_TYPE = YES_ERROR;
				GCC_WARN_UNDECLARED_SELECTOR = YES;
				GCC_WARN_UNINITIALIZED_AUTOS = YES_AGGRESSIVE;
				GCC_WARN_UNUSED_FUNCTION = YES;
				GCC_WARN_UNUSED_VARIABLE = YES;
				MACOSX_DEPLOYMENT_TARGET = 10.14;
				MTL_ENABLE_DEBUG_INFO = INCLUDE_SOURCE;
				MTL_FAST_MATH = YES;
				ONLY_ACTIVE_ARCH = YES;
				SDKROOT = macosx;
			};
			name = Debug;
		};
		130C47D121B06219006CE92D /* Release */ = {
			isa = XCBuildConfiguration;
			buildSettings = {
				ALWAYS_SEARCH_USER_PATHS = NO;
				CLANG_ANALYZER_NONNULL = YES;
				CLANG_ANALYZER_NUMBER_OBJECT_CONVERSION = YES_AGGRESSIVE;
				CLANG_CXX_LANGUAGE_STANDARD = "gnu++14";
				CLANG_CXX_LIBRARY = "libc++";
				CLANG_ENABLE_MODULES = YES;
				CLANG_ENABLE_OBJC_ARC = YES;
				CLANG_ENABLE_OBJC_WEAK = YES;
				CLANG_WARN_BLOCK_CAPTURE_AUTORELEASING = YES;
				CLANG_WARN_BOOL_CONVERSION = YES;
				CLANG_WARN_COMMA = YES;
				CLANG_WARN_CONSTANT_CONVERSION = YES;
				CLANG_WARN_DEPRECATED_OBJC_IMPLEMENTATIONS = YES;
				CLANG_WARN_DIRECT_OBJC_ISA_USAGE = YES_ERROR;
				CLANG_WARN_DOCUMENTATION_COMMENTS = YES;
				CLANG_WARN_EMPTY_BODY = YES;
				CLANG_WARN_ENUM_CONVERSION = YES;
				CLANG_WARN_INFINITE_RECURSION = YES;
				CLANG_WARN_INT_CONVERSION = YES;
				CLANG_WARN_NON_LITERAL_NULL_CONVERSION = YES;
				CLANG_WARN_OBJC_IMPLICIT_RETAIN_SELF = YES;
				CLANG_WARN_OBJC_LITERAL_CONVERSION = YES;
				CLANG_WARN_OBJC_ROOT_CLASS = YES_ERROR;
				CLANG_WARN_RANGE_LOOP_ANALYSIS = YES;
				CLANG_WARN_STRICT_PROTOTYPES = YES;
				CLANG_WARN_SUSPICIOUS_MOVE = YES;
				CLANG_WARN_UNGUARDED_AVAILABILITY = YES_AGGRESSIVE;
				CLANG_WARN_UNREACHABLE_CODE = YES;
				CLANG_WARN__DUPLICATE_METHOD_MATCH = YES;
				CODE_SIGN_IDENTITY = "Mac Developer";
				COPY_PHASE_STRIP = NO;
				DEBUG_INFORMATION_FORMAT = "dwarf-with-dsym";
				ENABLE_NS_ASSERTIONS = NO;
				ENABLE_STRICT_OBJC_MSGSEND = YES;
				GCC_C_LANGUAGE_STANDARD = gnu11;
				GCC_NO_COMMON_BLOCKS = YES;
				GCC_WARN_64_TO_32_BIT_CONVERSION = YES;
				GCC_WARN_ABOUT_RETURN_TYPE = YES_ERROR;
				GCC_WARN_UNDECLARED_SELECTOR = YES;
				GCC_WARN_UNINITIALIZED_AUTOS = YES_AGGRESSIVE;
				GCC_WARN_UNUSED_FUNCTION = YES;
				GCC_WARN_UNUSED_VARIABLE = YES;
				MACOSX_DEPLOYMENT_TARGET = 10.14;
				MTL_ENABLE_DEBUG_INFO = NO;
				MTL_FAST_MATH = YES;
				SDKROOT = macosx;
			};
			name = Release;
		};
		130C47D321B06219006CE92D /* Debug */ = {
			isa = XCBuildConfiguration;
			buildSettings = {
				CODE_SIGN_STYLE = Automatic;
				COMBINE_HIDPI_IMAGES = YES;
				DEVELOPMENT_TEAM = U6JAG2VW72;
				INFOPLIST_FILE = folScreenSaver/Info.plist;
				INSTALL_PATH = "$(HOME)/Library/Screen Savers";
				PRODUCT_BUNDLE_IDENTIFIER = conspiron.folScreenSaver;
				PRODUCT_NAME = "$(TARGET_NAME)";
				WRAPPER_EXTENSION = saver;
			};
			name = Debug;
		};
		130C47D421B06219006CE92D /* Release */ = {
			isa = XCBuildConfiguration;
			buildSettings = {
				CODE_SIGN_STYLE = Automatic;
				COMBINE_HIDPI_IMAGES = YES;
				DEVELOPMENT_TEAM = U6JAG2VW72;
				INFOPLIST_FILE = folScreenSaver/Info.plist;
				INSTALL_PATH = "$(HOME)/Library/Screen Savers";
				PRODUCT_BUNDLE_IDENTIFIER = conspiron.folScreenSaver;
				PRODUCT_NAME = "$(TARGET_NAME)";
				WRAPPER_EXTENSION = saver;
			};
			name = Release;
		};
/* End XCBuildConfiguration section */

/* Begin XCConfigurationList section */
		130C47C221B06219006CE92D /* Build configuration list for PBXProject "folScreenSaver" */ = {
			isa = XCConfigurationList;
			buildConfigurations = (
				130C47D021B06219006CE92D /* Debug */,
				130C47D121B06219006CE92D /* Release */,
			);
			defaultConfigurationIsVisible = 0;
			defaultConfigurationName = Release;
		};
		130C47D221B06219006CE92D /* Build configuration list for PBXNativeTarget "folScreenSaver" */ = {
			isa = XCConfigurationList;
			buildConfigurations = (
				130C47D321B06219006CE92D /* Debug */,
				130C47D421B06219006CE92D /* Release */,
			);
			defaultConfigurationIsVisible = 0;
			defaultConfigurationName = Release;
		};
/* End XCConfigurationList section */
	};
	rootObject = 130C47BF21B06219006CE92D /* Project object */;
}
